
Microsoft Visual Studio Solution File, Format Version 12.00
# Visual Studio Version 16
VisualStudioVersion = 16.0.30621.155
MinimumVisualStudioVersion = 10.0.40219.1
Project("{9A19103F-16F7-4668-BE54-9A1E7A4F7556}") = "01.RecursiveArraySum", "01.RecursiveArraySum\01.RecursiveArraySum.csproj", "{003C47E5-FE70-414C-B034-33334E62D6F4}"
EndProject
Project("{9A19103F-16F7-4668-BE54-9A1E7A4F7556}") = "02.RecursiveDrawing", "02.RecursiveDrawing\02.RecursiveDrawing.csproj", "{8AE68D26-168B-4785-8EF9-4DC9C99A1109}"
EndProject
Project("{9A19103F-16F7-4668-BE54-9A1E7A4F7556}") = "04.RecursiveFactorial", "04.RecursiveFactorial\04.RecursiveFactorial.csproj", "{86B9C7DA-F74A-4E84-8087-3EFB364830F6}"
EndProject
Project("{9A19103F-16F7-4668-BE54-9A1E7A4F7556}") = "test", "test\test.csproj", "{C551339C-AC0D-4479-A63C-76812925AF40}"
EndProject
Project("{FAE04EC0-301F-11D3-BF4B-00C04F79EFBC}") = "03.Generating01Vectors", "03.Generating01Vectors\03.Generating01Vectors.csproj", "{C9253580-A30E-4290-84C2-1104F1707D6C}"
EndProject
Project("{FAE04EC0-301F-11D3-BF4B-00C04F79EFBC}") = "05.FindAllPathsInALabyrinth", "05.FindAllPathsInALabyrinth\05.FindAllPathsInALabyrinth.csproj", "{AA0EAD1C-98C0-4034-B219-E94054EE8BF9}"
EndProject
Global
	GlobalSection(SolutionConfigurationPlatforms) = preSolution
		Debug|Any CPU = Debug|Any CPU
		Release|Any CPU = Release|Any CPU
	EndGlobalSection
	GlobalSection(ProjectConfigurationPlatforms) = postSolution
		{003C47E5-FE70-414C-B034-33334E62D6F4}.Debug|Any CPU.ActiveCfg = Debug|Any CPU
		{003C47E5-FE70-414C-B034-33334E62D6F4}.Debug|Any CPU.Build.0 = Debug|Any CPU
		{003C47E5-FE70-414C-B034-33334E62D6F4}.Release|Any CPU.ActiveCfg = Release|Any CPU
		{003C47E5-FE70-414C-B034-33334E62D6F4}.Release|Any CPU.Build.0 = Release|Any CPU
		{8AE68D26-168B-4785-8EF9-4DC9C99A1109}.Debug|Any CPU.ActiveCfg = Debug|Any CPU
		{8AE68D26-168B-4785-8EF9-4DC9C99A1109}.Debug|Any CPU.Build.0 = Debug|Any CPU
		{8AE68D26-168B-4785-8EF9-4DC9C99A1109}.Release|Any CPU.ActiveCfg = Release|Any CPU
		{8AE68D26-168B-4785-8EF9-4DC9C99A1109}.Release|Any CPU.Build.0 = Release|Any CPU
		{86B9C7DA-F74A-4E84-8087-3EFB364830F6}.Debug|Any CPU.ActiveCfg = Debug|Any CPU
		{86B9C7DA-F74A-4E84-8087-3EFB364830F6}.Debug|Any CPU.Build.0 = Debug|Any CPU
		{86B9C7DA-F74A-4E84-8087-3EFB364830F6}.Release|Any CPU.ActiveCfg = Release|Any CPU
		{86B9C7DA-F74A-4E84-8087-3EFB364830F6}.Release|Any CPU.Build.0 = Release|Any CPU
		{C551339C-AC0D-4479-A63C-76812925AF40}.Debug|Any CPU.ActiveCfg = Debug|Any CPU
		{C551339C-AC0D-4479-A63C-76812925AF40}.Debug|Any CPU.Build.0 = Debug|Any CPU
		{C551339C-AC0D-4479-A63C-76812925AF40}.Release|Any CPU.ActiveCfg = Release|Any CPU
		{C551339C-AC0D-4479-A63C-76812925AF40}.Release|Any CPU.Build.0 = Release|Any CPU
		{C9253580-A30E-4290-84C2-1104F1707D6C}.Debug|Any CPU.ActiveCfg = Debug|Any CPU
		{C9253580-A30E-4290-84C2-1104F1707D6C}.Debug|Any CPU.Build.0 = Debug|Any CPU
		{C9253580-A30E-4290-84C2-1104F1707D6C}.Release|Any CPU.ActiveCfg = Release|Any CPU
		{C9253580-A30E-4290-84C2-1104F1707D6C}.Release|Any CPU.Build.0 = Release|Any CPU
		{AA0EAD1C-98C0-4034-B219-E94054EE8BF9}.Debug|Any CPU.ActiveCfg = Debug|Any CPU
		{AA0EAD1C-98C0-4034-B219-E94054EE8BF9}.Debug|Any CPU.Build.0 = Debug|Any CPU
		{AA0EAD1C-98C0-4034-B219-E94054EE8BF9}.Release|Any CPU.ActiveCfg = Release|Any CPU
		{AA0EAD1C-98C0-4034-B219-E94054EE8BF9}.Release|Any CPU.Build.0 = Release|Any CPU
	EndGlobalSection
	GlobalSection(SolutionProperties) = preSolution
		HideSolutionNode = FALSE
	EndGlobalSection
	GlobalSection(ExtensibilityGlobals) = postSolution
		SolutionGuid = {7F04C2A7-0F5F-4EF1-838F-22D5FB4F2A11}
	EndGlobalSection
EndGlobal
