
Microsoft Visual Studio Solution File, Format Version 12.00
# Visual Studio Version 16
VisualStudioVersion = 16.0.30309.148
MinimumVisualStudioVersion = 10.0.40219.1
Project("{9A19103F-16F7-4668-BE54-9A1E7A4F7556}") = "Person", "Person\Person.csproj", "{D5FA3927-6574-4D91-979A-240B0FA8E2CE}"
EndProject
Project("{9A19103F-16F7-4668-BE54-9A1E7A4F7556}") = "Zoo", "D:\softuni\c# OOP\01. CSharp-OOP-Inheritance-Exercise-Skeleton\Zoo\Zoo.csproj", "{E43CE055-B5C5-4809-B3FD-CBD5CA969E04}"
EndProject
Project("{9A19103F-16F7-4668-BE54-9A1E7A4F7556}") = "PlayersAndMonsters", "D:\softuni\c# OOP\01. CSharp-OOP-Inheritance-Exercise-Skeleton\PlayersAndMonsters\PlayersAndMonsters.csproj", "{C124F928-F783-48FF-B3CF-839F25C7610D}"
EndProject
Project("{9A19103F-16F7-4668-BE54-9A1E7A4F7556}") = "NeedForSpeed", "D:\softuni\c# OOP\01. CSharp-OOP-Inheritance-Exercise-Skeleton\NeedForSpeed\NeedForSpeed.csproj", "{3D23A7B5-8CA5-4299-B606-F9C1F7021318}"
EndProject
Project("{9A19103F-16F7-4668-BE54-9A1E7A4F7556}") = "Restaurant", "D:\softuni\c# OOP\01. CSharp-OOP-Inheritance-Exercise-Skeleton\Restaurant\Restaurant.csproj", "{D9F48FC2-5B1D-4E54-851D-A30D3D7C7646}"
EndProject
Global
	GlobalSection(SolutionConfigurationPlatforms) = preSolution
		Debug|Any CPU = Debug|Any CPU
		Release|Any CPU = Release|Any CPU
	EndGlobalSection
	GlobalSection(ProjectConfigurationPlatforms) = postSolution
		{D5FA3927-6574-4D91-979A-240B0FA8E2CE}.Debug|Any CPU.ActiveCfg = Debug|Any CPU
		{D5FA3927-6574-4D91-979A-240B0FA8E2CE}.Debug|Any CPU.Build.0 = Debug|Any CPU
		{D5FA3927-6574-4D91-979A-240B0FA8E2CE}.Release|Any CPU.ActiveCfg = Release|Any CPU
		{D5FA3927-6574-4D91-979A-240B0FA8E2CE}.Release|Any CPU.Build.0 = Release|Any CPU
		{E43CE055-B5C5-4809-B3FD-CBD5CA969E04}.Debug|Any CPU.ActiveCfg = Debug|Any CPU
		{E43CE055-B5C5-4809-B3FD-CBD5CA969E04}.Debug|Any CPU.Build.0 = Debug|Any CPU
		{E43CE055-B5C5-4809-B3FD-CBD5CA969E04}.Release|Any CPU.ActiveCfg = Release|Any CPU
		{E43CE055-B5C5-4809-B3FD-CBD5CA969E04}.Release|Any CPU.Build.0 = Release|Any CPU
		{C124F928-F783-48FF-B3CF-839F25C7610D}.Debug|Any CPU.ActiveCfg = Debug|Any CPU
		{C124F928-F783-48FF-B3CF-839F25C7610D}.Debug|Any CPU.Build.0 = Debug|Any CPU
		{C124F928-F783-48FF-B3CF-839F25C7610D}.Release|Any CPU.ActiveCfg = Release|Any CPU
		{C124F928-F783-48FF-B3CF-839F25C7610D}.Release|Any CPU.Build.0 = Release|Any CPU
		{3D23A7B5-8CA5-4299-B606-F9C1F7021318}.Debug|Any CPU.ActiveCfg = Debug|Any CPU
		{3D23A7B5-8CA5-4299-B606-F9C1F7021318}.Debug|Any CPU.Build.0 = Debug|Any CPU
		{3D23A7B5-8CA5-4299-B606-F9C1F7021318}.Release|Any CPU.ActiveCfg = Release|Any CPU
		{3D23A7B5-8CA5-4299-B606-F9C1F7021318}.Release|Any CPU.Build.0 = Release|Any CPU
		{D9F48FC2-5B1D-4E54-851D-A30D3D7C7646}.Debug|Any CPU.ActiveCfg = Debug|Any CPU
		{D9F48FC2-5B1D-4E54-851D-A30D3D7C7646}.Debug|Any CPU.Build.0 = Debug|Any CPU
		{D9F48FC2-5B1D-4E54-851D-A30D3D7C7646}.Release|Any CPU.ActiveCfg = Release|Any CPU
		{D9F48FC2-5B1D-4E54-851D-A30D3D7C7646}.Release|Any CPU.Build.0 = Release|Any CPU
	EndGlobalSection
	GlobalSection(SolutionProperties) = preSolution
		HideSolutionNode = FALSE
	EndGlobalSection
	GlobalSection(ExtensibilityGlobals) = postSolution
		SolutionGuid = {C077F56A-5F8A-4342-9D39-2EBC94E4145C}
	EndGlobalSection
EndGlobal
