
Microsoft Visual Studio Solution File, Format Version 12.00
# Visual Studio Version 16
VisualStudioVersion = 16.0.30309.148
MinimumVisualStudioVersion = 10.0.40219.1
Project("{9A19103F-16F7-4668-BE54-9A1E7A4F7556}") = "01.Furniture", "01.Furniture\01.Furniture.csproj", "{B8CD0A40-741A-41E0-A0E3-303AD650178E}"
EndProject
Project("{9A19103F-16F7-4668-BE54-9A1E7A4F7556}") = "02.Race", "02.Раце\02.Race.csproj", "{88A74F1F-B353-4D69-B12A-88F46F8CDE01}"
EndProject
Project("{FAE04EC0-301F-11D3-BF4B-00C04F79EFBC}") = "03.SoftUnиBarIncome", "03.SoftUnиBarIncome\03.SoftUnиBarIncome.csproj", "{6F1F0859-AF9C-4841-A0F4-F209D04FAC1E}"
EndProject
Global
	GlobalSection(SolutionConfigurationPlatforms) = preSolution
		Debug|Any CPU = Debug|Any CPU
		Release|Any CPU = Release|Any CPU
	EndGlobalSection
	GlobalSection(ProjectConfigurationPlatforms) = postSolution
		{B8CD0A40-741A-41E0-A0E3-303AD650178E}.Debug|Any CPU.ActiveCfg = Debug|Any CPU
		{B8CD0A40-741A-41E0-A0E3-303AD650178E}.Debug|Any CPU.Build.0 = Debug|Any CPU
		{B8CD0A40-741A-41E0-A0E3-303AD650178E}.Release|Any CPU.ActiveCfg = Release|Any CPU
		{B8CD0A40-741A-41E0-A0E3-303AD650178E}.Release|Any CPU.Build.0 = Release|Any CPU
		{88A74F1F-B353-4D69-B12A-88F46F8CDE01}.Debug|Any CPU.ActiveCfg = Debug|Any CPU
		{88A74F1F-B353-4D69-B12A-88F46F8CDE01}.Debug|Any CPU.Build.0 = Debug|Any CPU
		{88A74F1F-B353-4D69-B12A-88F46F8CDE01}.Release|Any CPU.ActiveCfg = Release|Any CPU
		{88A74F1F-B353-4D69-B12A-88F46F8CDE01}.Release|Any CPU.Build.0 = Release|Any CPU
		{6F1F0859-AF9C-4841-A0F4-F209D04FAC1E}.Debug|Any CPU.ActiveCfg = Debug|Any CPU
		{6F1F0859-AF9C-4841-A0F4-F209D04FAC1E}.Debug|Any CPU.Build.0 = Debug|Any CPU
		{6F1F0859-AF9C-4841-A0F4-F209D04FAC1E}.Release|Any CPU.ActiveCfg = Release|Any CPU
		{6F1F0859-AF9C-4841-A0F4-F209D04FAC1E}.Release|Any CPU.Build.0 = Release|Any CPU
	EndGlobalSection
	GlobalSection(SolutionProperties) = preSolution
		HideSolutionNode = FALSE
	EndGlobalSection
	GlobalSection(ExtensibilityGlobals) = postSolution
		SolutionGuid = {7AA02AF8-4754-4E11-9B86-8F40E68967FC}
	EndGlobalSection
EndGlobal
