
Microsoft Visual Studio Solution File, Format Version 12.00
# Visual Studio Version 16
VisualStudioVersion = 16.0.30011.22
MinimumVisualStudioVersion = 10.0.40219.1
Project("{8BC9CEB8-8B4A-11D0-8D11-00A0C91BC942}") = "ConsoleApplication1", "ConsoleApplication1\ConsoleApplication1.vcxproj", "{CE2EABB1-76FF-4F95-868F-61E4F8D8B72C}"
EndProject
Project("{8BC9CEB8-8B4A-11D0-8D11-00A0C91BC942}") = "Project1", "Project1\Project1.vcxproj", "{DE26EA9B-CAF8-4418-AF77-47DB3264B5E9}"
EndProject
Project("{8BC9CEB8-8B4A-11D0-8D11-00A0C91BC942}") = "KZ 3", "KZ 3\KZ 3.vcxproj", "{D1F74F9F-3E8B-44CB-BE09-AEA8FEAC575E}"
EndProject
Global
	GlobalSection(SolutionConfigurationPlatforms) = preSolution
		Debug|x64 = Debug|x64
		Debug|x86 = Debug|x86
		Release|x64 = Release|x64
		Release|x86 = Release|x86
	EndGlobalSection
	GlobalSection(ProjectConfigurationPlatforms) = postSolution
		{CE2EABB1-76FF-4F95-868F-61E4F8D8B72C}.Debug|x64.ActiveCfg = Debug|x64
		{CE2EABB1-76FF-4F95-868F-61E4F8D8B72C}.Debug|x64.Build.0 = Debug|x64
		{CE2EABB1-76FF-4F95-868F-61E4F8D8B72C}.Debug|x86.ActiveCfg = Debug|Win32
		{CE2EABB1-76FF-4F95-868F-61E4F8D8B72C}.Debug|x86.Build.0 = Debug|Win32
		{CE2EABB1-76FF-4F95-868F-61E4F8D8B72C}.Release|x64.ActiveCfg = Release|x64
		{CE2EABB1-76FF-4F95-868F-61E4F8D8B72C}.Release|x64.Build.0 = Release|x64
		{CE2EABB1-76FF-4F95-868F-61E4F8D8B72C}.Release|x86.ActiveCfg = Release|Win32
		{CE2EABB1-76FF-4F95-868F-61E4F8D8B72C}.Release|x86.Build.0 = Release|Win32
		{DE26EA9B-CAF8-4418-AF77-47DB3264B5E9}.Debug|x64.ActiveCfg = Debug|x64
		{DE26EA9B-CAF8-4418-AF77-47DB3264B5E9}.Debug|x64.Build.0 = Debug|x64
		{DE26EA9B-CAF8-4418-AF77-47DB3264B5E9}.Debug|x86.ActiveCfg = Debug|Win32
		{DE26EA9B-CAF8-4418-AF77-47DB3264B5E9}.Debug|x86.Build.0 = Debug|Win32
		{DE26EA9B-CAF8-4418-AF77-47DB3264B5E9}.Release|x64.ActiveCfg = Release|x64
		{DE26EA9B-CAF8-4418-AF77-47DB3264B5E9}.Release|x64.Build.0 = Release|x64
		{DE26EA9B-CAF8-4418-AF77-47DB3264B5E9}.Release|x86.ActiveCfg = Release|Win32
		{DE26EA9B-CAF8-4418-AF77-47DB3264B5E9}.Release|x86.Build.0 = Release|Win32
		{D1F74F9F-3E8B-44CB-BE09-AEA8FEAC575E}.Debug|x64.ActiveCfg = Debug|x64
		{D1F74F9F-3E8B-44CB-BE09-AEA8FEAC575E}.Debug|x64.Build.0 = Debug|x64
		{D1F74F9F-3E8B-44CB-BE09-AEA8FEAC575E}.Debug|x86.ActiveCfg = Debug|Win32
		{D1F74F9F-3E8B-44CB-BE09-AEA8FEAC575E}.Debug|x86.Build.0 = Debug|Win32
		{D1F74F9F-3E8B-44CB-BE09-AEA8FEAC575E}.Release|x64.ActiveCfg = Release|x64
		{D1F74F9F-3E8B-44CB-BE09-AEA8FEAC575E}.Release|x64.Build.0 = Release|x64
		{D1F74F9F-3E8B-44CB-BE09-AEA8FEAC575E}.Release|x86.ActiveCfg = Release|Win32
		{D1F74F9F-3E8B-44CB-BE09-AEA8FEAC575E}.Release|x86.Build.0 = Release|Win32
	EndGlobalSection
	GlobalSection(SolutionProperties) = preSolution
		HideSolutionNode = FALSE
	EndGlobalSection
	GlobalSection(ExtensibilityGlobals) = postSolution
		SolutionGuid = {FF4D456E-29CD-4ECD-A566-CB0764E962D0}
	EndGlobalSection
EndGlobal
